
Microsoft Visual Studio Solution File, Format Version 12.00
# Visual Studio 15
VisualStudioVersion = 15.0.27130.2024
MinimumVisualStudioVersion = 10.0.40219.1
Project("{FAE04EC0-301F-11D3-BF4B-00C04F79EFBC}") = "CodeTests", "src\CodeTests\CodeTests.csproj", "{042B8034-2A94-4E7A-BC69-F5BADF94934E}"
EndProject
Project("{FAE04EC0-301F-11D3-BF4B-00C04F79EFBC}") = "CodeTest.UnitTests", "CodeTest.UnitTests\CodeTest.UnitTests.csproj", "{121CA71E-3C3F-4DFD-BE86-B96D0D2861F8}"
EndProject
Global
	GlobalSection(SolutionConfigurationPlatforms) = preSolution
		Debug|Any CPU = Debug|Any CPU
		Release|Any CPU = Release|Any CPU
	EndGlobalSection
	GlobalSection(ProjectConfigurationPlatforms) = postSolution
		{042B8034-2A94-4E7A-BC69-F5BADF94934E}.Debug|Any CPU.ActiveCfg = Debug|Any CPU
		{042B8034-2A94-4E7A-BC69-F5BADF94934E}.Debug|Any CPU.Build.0 = Debug|Any CPU
		{042B8034-2A94-4E7A-BC69-F5BADF94934E}.Release|Any CPU.ActiveCfg = Release|Any CPU
		{042B8034-2A94-4E7A-BC69-F5BADF94934E}.Release|Any CPU.Build.0 = Release|Any CPU
		{121CA71E-3C3F-4DFD-BE86-B96D0D2861F8}.Debug|Any CPU.ActiveCfg = Debug|Any CPU
		{121CA71E-3C3F-4DFD-BE86-B96D0D2861F8}.Debug|Any CPU.Build.0 = Debug|Any CPU
		{121CA71E-3C3F-4DFD-BE86-B96D0D2861F8}.Release|Any CPU.ActiveCfg = Release|Any CPU
		{121CA71E-3C3F-4DFD-BE86-B96D0D2861F8}.Release|Any CPU.Build.0 = Release|Any CPU
	EndGlobalSection
	GlobalSection(SolutionProperties) = preSolution
		HideSolutionNode = FALSE
	EndGlobalSection
	GlobalSection(ExtensibilityGlobals) = postSolution
		SolutionGuid = {5E63AACC-EABD-47BF-9811-F57F3F432D51}
	EndGlobalSection
EndGlobal
